
Microsoft Visual Studio Solution File, Format Version 12.00
# Visual Studio Version 17
VisualStudioVersion = 17.3.32922.545
MinimumVisualStudioVersion = 10.0.40219.1
Project("{FAE04EC0-301F-11D3-BF4B-00C04F79EFBC}") = "Interface2", "Interface2\Interface2.csproj", "{854E3059-7B3E-465D-8170-8ECE3F09DE64}"
EndProject
Global
	GlobalSection(SolutionConfigurationPlatforms) = preSolution
		Debug|Any CPU = Debug|Any CPU
		Release|Any CPU = Release|Any CPU
	EndGlobalSection
	GlobalSection(ProjectConfigurationPlatforms) = postSolution
		{854E3059-7B3E-465D-8170-8ECE3F09DE64}.Debug|Any CPU.ActiveCfg = Debug|Any CPU
		{854E3059-7B3E-465D-8170-8ECE3F09DE64}.Debug|Any CPU.Build.0 = Debug|Any CPU
		{854E3059-7B3E-465D-8170-8ECE3F09DE64}.Release|Any CPU.ActiveCfg = Release|Any CPU
		{854E3059-7B3E-465D-8170-8ECE3F09DE64}.Release|Any CPU.Build.0 = Release|Any CPU
	EndGlobalSection
	GlobalSection(SolutionProperties) = preSolution
		HideSolutionNode = FALSE
	EndGlobalSection
	GlobalSection(ExtensibilityGlobals) = postSolution
		SolutionGuid = {9E878848-3C38-4678-A838-F9586B40009E}
	EndGlobalSection
EndGlobal
